
Microsoft Visual Studio Solution File, Format Version 12.00
# Visual Studio 15
Project("{FAE04EC0-301F-11D3-BF4B-00C04F79EFBC}") = "littlecms", "littlecms\littlecms.csproj", "{8AE1356F-8AFE-48CD-922E-D486A6988CAE}"
EndProject
Global
	GlobalSection(SolutionConfigurationPlatforms) = preSolution
		Debug|Any CPU = Debug|Any CPU
		Release|Any CPU = Release|Any CPU
	EndGlobalSection
	GlobalSection(ProjectConfigurationPlatforms) = postSolution
		{8AE1356F-8AFE-48CD-922E-D486A6988CAE}.Debug|Any CPU.ActiveCfg = Debug|Any CPU
		{8AE1356F-8AFE-48CD-922E-D486A6988CAE}.Debug|Any CPU.Build.0 = Debug|Any CPU
		{8AE1356F-8AFE-48CD-922E-D486A6988CAE}.Release|Any CPU.ActiveCfg = Release|Any CPU
		{8AE1356F-8AFE-48CD-922E-D486A6988CAE}.Release|Any CPU.Build.0 = Release|Any CPU
	EndGlobalSection
EndGlobal
